
Microsoft Visual Studio Solution File, Format Version 12.00
# Visual Studio Version 17
VisualStudioVersion = 17.0.31903.59
MinimumVisualStudioVersion = 10.0.40219.1
Project("{2150E333-8FDC-42A3-9474-1A3956D46DE8}") = "src", "src", "{79670B22-106C-4870-BDAB-2B1F9AABB58E}"
EndProject
Project("{FAE04EC0-301F-11D3-BF4B-00C04F79EFBC}") = "AiOralExam.Api", "src\AiOralExam.Api\AiOralExam.Api.csproj", "{2CBB2551-2B54-4814-8981-A58B9E57770C}"
EndProject
Project("{2150E333-8FDC-42A3-9474-1A3956D46DE8}") = "Modules", "Modules", "{098F6642-F7BE-4DF6-99B6-9D81F21D20D7}"
EndProject
Project("{2150E333-8FDC-42A3-9474-1A3956D46DE8}") = "AccessConfig", "AccessConfig", "{554FE46B-16DA-43BD-BAF4-136F23F3344E}"
EndProject
Project("{FAE04EC0-301F-11D3-BF4B-00C04F79EFBC}") = "AiOralExam.Modules.AccessConfig.Contracts", "src\Modules\AccessConfig\AiOralExam.Modules.AccessConfig.Contracts\AiOralExam.Modules.AccessConfig.Contracts.csproj", "{383E9770-E558-4142-A842-B9CA7EEEE9FA}"
EndProject
Project("{FAE04EC0-301F-11D3-BF4B-00C04F79EFBC}") = "AiOralExam.Modules.AccessConfig", "src\Modules\AccessConfig\AiOralExam.Modules.AccessConfig\AiOralExam.Modules.AccessConfig.csproj", "{CD0E8004-FAC4-4D86-8186-85BCF12CE261}"
EndProject
Project("{2150E333-8FDC-42A3-9474-1A3956D46DE8}") = "Interview", "Interview", "{F0949F9A-8189-4A8E-9A67-21101BF30598}"
EndProject
Project("{FAE04EC0-301F-11D3-BF4B-00C04F79EFBC}") = "AiOralExam.Modules.Interview.Contracts", "src\Modules\Interview\AiOralExam.Modules.Interview.Contracts\AiOralExam.Modules.Interview.Contracts.csproj", "{2EEC87A8-F2DB-4EC6-A54A-D81CE70E4109}"
EndProject
Project("{FAE04EC0-301F-11D3-BF4B-00C04F79EFBC}") = "AiOralExam.Modules.Interview", "src\Modules\Interview\AiOralExam.Modules.Interview\AiOralExam.Modules.Interview.csproj", "{19CCFBC6-2562-40D4-9EB2-4986A26A7E65}"
EndProject
Project("{2150E333-8FDC-42A3-9474-1A3956D46DE8}") = "Reporting", "Reporting", "{6DBEAC86-53E7-4A48-B74A-DBC2CBC64207}"
EndProject
Project("{FAE04EC0-301F-11D3-BF4B-00C04F79EFBC}") = "AiOralExam.Modules.Reporting", "src\Modules\Reporting\AiOralExam.Modules.Reporting\AiOralExam.Modules.Reporting.csproj", "{8ACA0625-6E1E-43E2-8E28-CF66D80AA591}"
EndProject
Project("{2150E333-8FDC-42A3-9474-1A3956D46DE8}") = "Shared", "Shared", "{8E9B1445-E031-4E8D-8C8B-D00CF6EBF330}"
EndProject
Project("{FAE04EC0-301F-11D3-BF4B-00C04F79EFBC}") = "AiOralExam.SharedKernel", "src\Shared\AiOralExam.SharedKernel\AiOralExam.SharedKernel.csproj", "{6ECBA160-BA86-467D-AB0A-37B7112476C1}"
EndProject
Project("{2150E333-8FDC-42A3-9474-1A3956D46DE8}") = "tests", "tests", "{D7CD8BC8-8EDF-4727-B6AF-3552C6861538}"
EndProject
Project("{FAE04EC0-301F-11D3-BF4B-00C04F79EFBC}") = "AiOralExam.UnitTests", "tests\AiOralExam.UnitTests\AiOralExam.UnitTests.csproj", "{3A7A52F3-8367-42B3-AB63-10739D7636D2}"
EndProject
Global
	GlobalSection(SolutionConfigurationPlatforms) = preSolution
		Debug|Any CPU = Debug|Any CPU
		Release|Any CPU = Release|Any CPU
	EndGlobalSection
	GlobalSection(SolutionProperties) = preSolution
		HideSolutionNode = FALSE
	EndGlobalSection
	GlobalSection(ProjectConfigurationPlatforms) = postSolution
		{2CBB2551-2B54-4814-8981-A58B9E57770C}.Debug|Any CPU.ActiveCfg = Debug|Any CPU
		{2CBB2551-2B54-4814-8981-A58B9E57770C}.Debug|Any CPU.Build.0 = Debug|Any CPU
		{2CBB2551-2B54-4814-8981-A58B9E57770C}.Release|Any CPU.ActiveCfg = Release|Any CPU
		{2CBB2551-2B54-4814-8981-A58B9E57770C}.Release|Any CPU.Build.0 = Release|Any CPU
		{383E9770-E558-4142-A842-B9CA7EEEE9FA}.Debug|Any CPU.ActiveCfg = Debug|Any CPU
		{383E9770-E558-4142-A842-B9CA7EEEE9FA}.Debug|Any CPU.Build.0 = Debug|Any CPU
		{383E9770-E558-4142-A842-B9CA7EEEE9FA}.Release|Any CPU.ActiveCfg = Release|Any CPU
		{383E9770-E558-4142-A842-B9CA7EEEE9FA}.Release|Any CPU.Build.0 = Release|Any CPU
		{CD0E8004-FAC4-4D86-8186-85BCF12CE261}.Debug|Any CPU.ActiveCfg = Debug|Any CPU
		{CD0E8004-FAC4-4D86-8186-85BCF12CE261}.Debug|Any CPU.Build.0 = Debug|Any CPU
		{CD0E8004-FAC4-4D86-8186-85BCF12CE261}.Release|Any CPU.ActiveCfg = Release|Any CPU
		{CD0E8004-FAC4-4D86-8186-85BCF12CE261}.Release|Any CPU.Build.0 = Release|Any CPU
		{2EEC87A8-F2DB-4EC6-A54A-D81CE70E4109}.Debug|Any CPU.ActiveCfg = Debug|Any CPU
		{2EEC87A8-F2DB-4EC6-A54A-D81CE70E4109}.Debug|Any CPU.Build.0 = Debug|Any CPU
		{2EEC87A8-F2DB-4EC6-A54A-D81CE70E4109}.Release|Any CPU.ActiveCfg = Release|Any CPU
		{2EEC87A8-F2DB-4EC6-A54A-D81CE70E4109}.Release|Any CPU.Build.0 = Release|Any CPU
		{19CCFBC6-2562-40D4-9EB2-4986A26A7E65}.Debug|Any CPU.ActiveCfg = Debug|Any CPU
		{19CCFBC6-2562-40D4-9EB2-4986A26A7E65}.Debug|Any CPU.Build.0 = Debug|Any CPU
		{19CCFBC6-2562-40D4-9EB2-4986A26A7E65}.Release|Any CPU.ActiveCfg = Release|Any CPU
		{19CCFBC6-2562-40D4-9EB2-4986A26A7E65}.Release|Any CPU.Build.0 = Release|Any CPU
		{8ACA0625-6E1E-43E2-8E28-CF66D80AA591}.Debug|Any CPU.ActiveCfg = Debug|Any CPU
		{8ACA0625-6E1E-43E2-8E28-CF66D80AA591}.Debug|Any CPU.Build.0 = Debug|Any CPU
		{8ACA0625-6E1E-43E2-8E28-CF66D80AA591}.Release|Any CPU.ActiveCfg = Release|Any CPU
		{8ACA0625-6E1E-43E2-8E28-CF66D80AA591}.Release|Any CPU.Build.0 = Release|Any CPU
		{6ECBA160-BA86-467D-AB0A-37B7112476C1}.Debug|Any CPU.ActiveCfg = Debug|Any CPU
		{6ECBA160-BA86-467D-AB0A-37B7112476C1}.Debug|Any CPU.Build.0 = Debug|Any CPU
		{6ECBA160-BA86-467D-AB0A-37B7112476C1}.Release|Any CPU.ActiveCfg = Release|Any CPU
		{6ECBA160-BA86-467D-AB0A-37B7112476C1}.Release|Any CPU.Build.0 = Release|Any CPU
		{3A7A52F3-8367-42B3-AB63-10739D7636D2}.Debug|Any CPU.ActiveCfg = Debug|Any CPU
		{3A7A52F3-8367-42B3-AB63-10739D7636D2}.Debug|Any CPU.Build.0 = Debug|Any CPU
		{3A7A52F3-8367-42B3-AB63-10739D7636D2}.Release|Any CPU.ActiveCfg = Release|Any CPU
		{3A7A52F3-8367-42B3-AB63-10739D7636D2}.Release|Any CPU.Build.0 = Release|Any CPU
	EndGlobalSection
	GlobalSection(NestedProjects) = preSolution
		{2CBB2551-2B54-4814-8981-A58B9E57770C} = {79670B22-106C-4870-BDAB-2B1F9AABB58E}
		{098F6642-F7BE-4DF6-99B6-9D81F21D20D7} = {79670B22-106C-4870-BDAB-2B1F9AABB58E}
		{554FE46B-16DA-43BD-BAF4-136F23F3344E} = {098F6642-F7BE-4DF6-99B6-9D81F21D20D7}
		{383E9770-E558-4142-A842-B9CA7EEEE9FA} = {554FE46B-16DA-43BD-BAF4-136F23F3344E}
		{CD0E8004-FAC4-4D86-8186-85BCF12CE261} = {554FE46B-16DA-43BD-BAF4-136F23F3344E}
		{F0949F9A-8189-4A8E-9A67-21101BF30598} = {098F6642-F7BE-4DF6-99B6-9D81F21D20D7}
		{2EEC87A8-F2DB-4EC6-A54A-D81CE70E4109} = {F0949F9A-8189-4A8E-9A67-21101BF30598}
		{19CCFBC6-2562-40D4-9EB2-4986A26A7E65} = {F0949F9A-8189-4A8E-9A67-21101BF30598}
		{6DBEAC86-53E7-4A48-B74A-DBC2CBC64207} = {098F6642-F7BE-4DF6-99B6-9D81F21D20D7}
		{8ACA0625-6E1E-43E2-8E28-CF66D80AA591} = {6DBEAC86-53E7-4A48-B74A-DBC2CBC64207}
		{8E9B1445-E031-4E8D-8C8B-D00CF6EBF330} = {79670B22-106C-4870-BDAB-2B1F9AABB58E}
		{6ECBA160-BA86-467D-AB0A-37B7112476C1} = {8E9B1445-E031-4E8D-8C8B-D00CF6EBF330}
		{3A7A52F3-8367-42B3-AB63-10739D7636D2} = {D7CD8BC8-8EDF-4727-B6AF-3552C6861538}
	EndGlobalSection
EndGlobal
